
Microsoft Visual Studio Solution File, Format Version 12.00
Project("{2150E333-8FDC-42A3-9474-1A3956D46DE8}") = "src", "src", "{B5E00040-EAA6-4C65-A736-7C010B542DC6}"
EndProject
Project("{2150E333-8FDC-42A3-9474-1A3956D46DE8}") = "Conder", "Conder", "{677A59AB-C623-4C50-A00A-8E66A5199A6B}"
EndProject
Project("{2150E333-8FDC-42A3-9474-1A3956D46DE8}") = "src", "src", "{FA6AEF05-E90A-4989-907B-2399A1524A05}"
EndProject
Project("{FAE04EC0-301F-11D3-BF4B-00C04F79EFBC}") = "Conder", "src\Conder\src\Conder\Conder.csproj", "{C0A1CF7E-2F67-45EE-B538-38A3054F685E}"
EndProject
Project("{2150E333-8FDC-42A3-9474-1A3956D46DE8}") = "samples", "samples", "{398AB9CD-C7BD-4E7F-A02C-31089BDDD3F7}"
EndProject
Project("{FAE04EC0-301F-11D3-BF4B-00C04F79EFBC}") = "Condersp.Services.Orders", "samples\Condersp.Services.Orders\Condersp.Services.Orders.csproj", "{54C836EB-ABD9-432A-ADAB-43E56922590D}"
EndProject
Project("{2150E333-8FDC-42A3-9474-1A3956D46DE8}") = "Conder.WebApi", "Conder.WebApi", "{E8E59DCA-59A0-4AD0-9474-40565904F01F}"
EndProject
Project("{2150E333-8FDC-42A3-9474-1A3956D46DE8}") = "src", "src", "{82F2F78F-8DCD-44C1-9404-D229EE350190}"
EndProject
Project("{FAE04EC0-301F-11D3-BF4B-00C04F79EFBC}") = "Conder.WebApi", "src\Conder.WebApi\src\Conder.WebApi\Conder.WebApi.csproj", "{5556FB94-2A8B-44F4-A6E0-3521A6A9AF61}"
EndProject
Global
	GlobalSection(SolutionConfigurationPlatforms) = preSolution
		Debug|Any CPU = Debug|Any CPU
		Release|Any CPU = Release|Any CPU
	EndGlobalSection
	GlobalSection(NestedProjects) = preSolution
		{677A59AB-C623-4C50-A00A-8E66A5199A6B} = {B5E00040-EAA6-4C65-A736-7C010B542DC6}
		{FA6AEF05-E90A-4989-907B-2399A1524A05} = {677A59AB-C623-4C50-A00A-8E66A5199A6B}
		{C0A1CF7E-2F67-45EE-B538-38A3054F685E} = {FA6AEF05-E90A-4989-907B-2399A1524A05}
		{54C836EB-ABD9-432A-ADAB-43E56922590D} = {398AB9CD-C7BD-4E7F-A02C-31089BDDD3F7}
		{E8E59DCA-59A0-4AD0-9474-40565904F01F} = {B5E00040-EAA6-4C65-A736-7C010B542DC6}
		{82F2F78F-8DCD-44C1-9404-D229EE350190} = {E8E59DCA-59A0-4AD0-9474-40565904F01F}
		{5556FB94-2A8B-44F4-A6E0-3521A6A9AF61} = {82F2F78F-8DCD-44C1-9404-D229EE350190}
	EndGlobalSection
	GlobalSection(ProjectConfigurationPlatforms) = postSolution
		{C0A1CF7E-2F67-45EE-B538-38A3054F685E}.Debug|Any CPU.ActiveCfg = Debug|Any CPU
		{C0A1CF7E-2F67-45EE-B538-38A3054F685E}.Debug|Any CPU.Build.0 = Debug|Any CPU
		{C0A1CF7E-2F67-45EE-B538-38A3054F685E}.Release|Any CPU.ActiveCfg = Release|Any CPU
		{C0A1CF7E-2F67-45EE-B538-38A3054F685E}.Release|Any CPU.Build.0 = Release|Any CPU
		{54C836EB-ABD9-432A-ADAB-43E56922590D}.Debug|Any CPU.ActiveCfg = Debug|Any CPU
		{54C836EB-ABD9-432A-ADAB-43E56922590D}.Debug|Any CPU.Build.0 = Debug|Any CPU
		{54C836EB-ABD9-432A-ADAB-43E56922590D}.Release|Any CPU.ActiveCfg = Release|Any CPU
		{54C836EB-ABD9-432A-ADAB-43E56922590D}.Release|Any CPU.Build.0 = Release|Any CPU
		{5556FB94-2A8B-44F4-A6E0-3521A6A9AF61}.Debug|Any CPU.ActiveCfg = Debug|Any CPU
		{5556FB94-2A8B-44F4-A6E0-3521A6A9AF61}.Debug|Any CPU.Build.0 = Debug|Any CPU
		{5556FB94-2A8B-44F4-A6E0-3521A6A9AF61}.Release|Any CPU.ActiveCfg = Release|Any CPU
		{5556FB94-2A8B-44F4-A6E0-3521A6A9AF61}.Release|Any CPU.Build.0 = Release|Any CPU
	EndGlobalSection
EndGlobal
