
Microsoft Visual Studio Solution File, Format Version 12.00
Project("{2150E333-8FDC-42A3-9474-1A3956D46DE8}") = "src", "src", "{B5E00040-EAA6-4C65-A736-7C010B542DC6}"
EndProject
Project("{2150E333-8FDC-42A3-9474-1A3956D46DE8}") = "Conder", "Conder", "{677A59AB-C623-4C50-A00A-8E66A5199A6B}"
EndProject
Project("{2150E333-8FDC-42A3-9474-1A3956D46DE8}") = "src", "src", "{FA6AEF05-E90A-4989-907B-2399A1524A05}"
EndProject
Project("{FAE04EC0-301F-11D3-BF4B-00C04F79EFBC}") = "Conder", "src\Conder\src\Conder\Conder.csproj", "{C0A1CF7E-2F67-45EE-B538-38A3054F685E}"
EndProject
Project("{2150E333-8FDC-42A3-9474-1A3956D46DE8}") = "samples", "samples", "{398AB9CD-C7BD-4E7F-A02C-31089BDDD3F7}"
EndProject
Project("{2150E333-8FDC-42A3-9474-1A3956D46DE8}") = "Conder.WebApi", "Conder.WebApi", "{E8E59DCA-59A0-4AD0-9474-40565904F01F}"
EndProject
Project("{2150E333-8FDC-42A3-9474-1A3956D46DE8}") = "src", "src", "{82F2F78F-8DCD-44C1-9404-D229EE350190}"
EndProject
Project("{FAE04EC0-301F-11D3-BF4B-00C04F79EFBC}") = "Conder.WebApi", "src\Conder.WebApi\src\Conder.WebApi\Conder.WebApi.csproj", "{5556FB94-2A8B-44F4-A6E0-3521A6A9AF61}"
EndProject
Project("{2150E333-8FDC-42A3-9474-1A3956D46DE8}") = "Conder.Docs.Swagger", "Conder.Docs.Swagger", "{094AAF9E-3B89-43F6-ABD5-056A1808F532}"
EndProject
Project("{2150E333-8FDC-42A3-9474-1A3956D46DE8}") = "src", "src", "{DDDD2995-7D1C-4885-A2B0-7A732E8E287F}"
EndProject
Project("{FAE04EC0-301F-11D3-BF4B-00C04F79EFBC}") = "Conder.Docs.Swagger", "src\Conder.Docs.Swagger\src\Conder.Docs.Swagger\Conder.Docs.Swagger.csproj", "{0995E5FE-36D2-4550-8449-6B574FA9B318}"
EndProject
Project("{2150E333-8FDC-42A3-9474-1A3956D46DE8}") = "Conder.WebApi.Swagger", "Conder.WebApi.Swagger", "{706B4019-D57B-4F82-AC14-06CDD24A4625}"
EndProject
Project("{2150E333-8FDC-42A3-9474-1A3956D46DE8}") = "src", "src", "{00DEA71A-4305-4025-81A7-61DE7C9661BF}"
EndProject
Project("{FAE04EC0-301F-11D3-BF4B-00C04F79EFBC}") = "Conder.WebApi.Swagger", "src\Conder.WebApi.Swagger\src\Conder.WebApi.Swagger\Conder.WebApi.Swagger.csproj", "{AE05C539-E74C-4CCE-BE3E-823988DFF6DA}"
EndProject
Project("{2150E333-8FDC-42A3-9474-1A3956D46DE8}") = "Conder.CQRS.Commands", "Conder.CQRS.Commands", "{8FB5871B-6690-47A9-98B5-15EA52FD687A}"
EndProject
Project("{2150E333-8FDC-42A3-9474-1A3956D46DE8}") = "src", "src", "{DF979A80-6716-494D-9074-C62E4AF19E30}"
EndProject
Project("{FAE04EC0-301F-11D3-BF4B-00C04F79EFBC}") = "Conder.CQRS.Commands", "src\Conder.CQRS.Commands\src\Conder.CQRS.Commands\Conder.CQRS.Commands.csproj", "{F3644C0D-D8A2-4788-8F2D-E30891C1E842}"
EndProject
Project("{2150E333-8FDC-42A3-9474-1A3956D46DE8}") = "Conder.CQRS.Queries", "Conder.CQRS.Queries", "{1C8D85A3-D582-4C14-9B78-0BEA74CA4BED}"
EndProject
Project("{2150E333-8FDC-42A3-9474-1A3956D46DE8}") = "src", "src", "{6A092933-8464-4FDD-9C42-BA4937AD95A3}"
EndProject
Project("{FAE04EC0-301F-11D3-BF4B-00C04F79EFBC}") = "Conder.CQRS.Queries", "src\Conder.CQRS.Queries\src\Conder.CQRS.Queries\Conder.CQRS.Queries.csproj", "{BA497CC5-C9CB-4498-BFE4-3CD2CE67AB79}"
EndProject
Project("{2150E333-8FDC-42A3-9474-1A3956D46DE8}") = "Conder.CQRS.Events", "Conder.CQRS.Events", "{FD6F1DC7-4B7C-4879-B82A-4A588A7B040B}"
EndProject
Project("{2150E333-8FDC-42A3-9474-1A3956D46DE8}") = "src", "src", "{DC91AE0A-DE27-42EF-B1AF-C1E720B51CEF}"
EndProject
Project("{FAE04EC0-301F-11D3-BF4B-00C04F79EFBC}") = "Conder.CQRS.Events", "src\Conder.CQRS.Events\src\Conder.CQRS.Events\Conder.CQRS.Events.csproj", "{6D140A9E-FE31-4230-B415-8AB2EF7DDC54}"
EndProject
Project("{2150E333-8FDC-42A3-9474-1A3956D46DE8}") = "Conder.WebApi.CQRS", "Conder.WebApi.CQRS", "{9AD00D97-FA8E-4455-9185-A533052A3AAF}"
EndProject
Project("{2150E333-8FDC-42A3-9474-1A3956D46DE8}") = "src", "src", "{68172282-43EF-499E-8563-762A26022288}"
EndProject
Project("{FAE04EC0-301F-11D3-BF4B-00C04F79EFBC}") = "Conder.WebApi.CQRS", "src\Conder.WebApi.CQRS\src\Conder.WebApi.CQRS\Conder.WebApi.CQRS.csproj", "{1EC2C563-F79E-4CF3-A6EF-13867A82D1A5}"
EndProject
Project("{2150E333-8FDC-42A3-9474-1A3956D46DE8}") = "Conder.Discovery.Consul", "Conder.Discovery.Consul", "{F6C0B79C-6316-4FA4-98CB-C5F96E1D46EC}"
EndProject
Project("{2150E333-8FDC-42A3-9474-1A3956D46DE8}") = "src", "src", "{84B58BB1-6D54-4B42-9103-6270ADE3B033}"
EndProject
Project("{FAE04EC0-301F-11D3-BF4B-00C04F79EFBC}") = "Conder.Discovery.Consul", "src\Conder.Discovery.Consul\src\Conder.Discovery.Consul\Conder.Discovery.Consul.csproj", "{BC48E0E6-A2C9-4CB5-9615-621FA7D951DC}"
EndProject
Project("{2150E333-8FDC-42A3-9474-1A3956D46DE8}") = "Conder.HTTP", "Conder.HTTP", "{70D9C037-93AE-484A-A52D-56ABA84A26D1}"
EndProject
Project("{2150E333-8FDC-42A3-9474-1A3956D46DE8}") = "src", "src", "{96F20C6C-8093-41D3-9C7F-480F54F186C8}"
EndProject
Project("{FAE04EC0-301F-11D3-BF4B-00C04F79EFBC}") = "Conder.HTTP", "src\Conder.HTTP\src\Conder.HTTP\Conder.HTTP.csproj", "{0F99C821-10A6-4BC9-A5DB-5E8F0FB955B5}"
EndProject
Project("{2150E333-8FDC-42A3-9474-1A3956D46DE8}") = "Conder.Logging", "Conder.Logging", "{6FACB80B-95E9-40CA-938D-AE64C3FEFFE9}"
EndProject
Project("{2150E333-8FDC-42A3-9474-1A3956D46DE8}") = "src", "src", "{0ADFC393-1FF1-4E99-8A56-A4865C005021}"
EndProject
Project("{FAE04EC0-301F-11D3-BF4B-00C04F79EFBC}") = "Conder.Logging", "src\Conder.Logging\src\Conder.Logging\Conder.Logging.csproj", "{B6BDEEF2-AE2F-46D7-AB01-27BEEF1A6D72}"
EndProject
Project("{2150E333-8FDC-42A3-9474-1A3956D46DE8}") = "Conder.Gateway", "Conder.Gateway", "{6F5B6678-0D1B-438F-9EDF-F2ED8602E3C7}"
EndProject
Project("{2150E333-8FDC-42A3-9474-1A3956D46DE8}") = "src", "src", "{BD3D8636-C24D-4F8A-9243-66327C8FE82B}"
EndProject
Project("{FAE04EC0-301F-11D3-BF4B-00C04F79EFBC}") = "Conder.Gateway", "src\Conder.Gateway\src\Conder.Gateway\Conder.Gateway.csproj", "{BBED0826-BD4A-4289-925B-8FDB436BF455}"
EndProject
Project("{2150E333-8FDC-42A3-9474-1A3956D46DE8}") = "Conder.LoadBalancing.Fabio", "Conder.LoadBalancing.Fabio", "{E2457DA7-53FC-4044-BBB2-62C2ACF9A0DA}"
EndProject
Project("{2150E333-8FDC-42A3-9474-1A3956D46DE8}") = "src", "src", "{87CF0914-9930-4020-85B3-C4D7A29450F6}"
EndProject
Project("{FAE04EC0-301F-11D3-BF4B-00C04F79EFBC}") = "Conder.LoadBalancing.Fabio", "src\Conder.LoadBalancing.Fabio\src\Conder.LoadBalancing.Fabio\Conder.LoadBalancing.Fabio.csproj", "{D1A5CAEB-5BF1-4A86-B24A-AD92ADEC9766}"
EndProject
Project("{2150E333-8FDC-42A3-9474-1A3956D46DE8}") = "Conder.Proxy.Traefik", "Conder.Proxy.Traefik", "{83E68F90-BF12-42B4-8D64-66A03DE9C8CC}"
EndProject
Project("{2150E333-8FDC-42A3-9474-1A3956D46DE8}") = "src", "src", "{B9671679-FF5A-487A-B30D-3BF5A3988844}"
EndProject
Project("{FAE04EC0-301F-11D3-BF4B-00C04F79EFBC}") = "Conder.Proxy.Traefik", "src\Conder.Proxy.Traefik\src\Conder.Proxy.Traefik\Conder.Proxy.Traefik.csproj", "{87702B6B-AB2F-4804-B1CD-5B629FD5CAA3}"
EndProject
Project("{2150E333-8FDC-42A3-9474-1A3956D46DE8}") = "Condersp.Gateway", "Condersp.Gateway", "{38F9F449-29EE-45C7-9590-D275462C9D68}"
EndProject
Project("{2150E333-8FDC-42A3-9474-1A3956D46DE8}") = "src", "src", "{B37FBBC7-8DE6-4AC4-9725-B8A7FA944A91}"
EndProject
Project("{FAE04EC0-301F-11D3-BF4B-00C04F79EFBC}") = "Condersp.Gateway", "samples\Condersp.Gateway\src\Condersp.Gateway\Condersp.Gateway.csproj", "{C1F4DE58-3F01-4A6A-8303-BDCE6AE9CB17}"
EndProject
Project("{2150E333-8FDC-42A3-9474-1A3956D46DE8}") = "Condersp.Services.Orders", "Condersp.Services.Orders", "{2AC474C2-4694-449C-949B-474E759F8845}"
EndProject
Project("{2150E333-8FDC-42A3-9474-1A3956D46DE8}") = "src", "src", "{AF8192DE-44C0-40AB-8AC4-D5CD22FDD3D1}"
EndProject
Project("{FAE04EC0-301F-11D3-BF4B-00C04F79EFBC}") = "Condersp.Services.Orders", "samples\Condersp.Services.Orders\src\Condersp.Services.Orders\Condersp.Services.Orders.csproj", "{BAB985C4-434C-417D-82CC-CB0E8262E132}"
EndProject
Global
	GlobalSection(SolutionConfigurationPlatforms) = preSolution
		Debug|Any CPU = Debug|Any CPU
		Release|Any CPU = Release|Any CPU
	EndGlobalSection
	GlobalSection(NestedProjects) = preSolution
		{677A59AB-C623-4C50-A00A-8E66A5199A6B} = {B5E00040-EAA6-4C65-A736-7C010B542DC6}
		{FA6AEF05-E90A-4989-907B-2399A1524A05} = {677A59AB-C623-4C50-A00A-8E66A5199A6B}
		{C0A1CF7E-2F67-45EE-B538-38A3054F685E} = {FA6AEF05-E90A-4989-907B-2399A1524A05}
		{E8E59DCA-59A0-4AD0-9474-40565904F01F} = {B5E00040-EAA6-4C65-A736-7C010B542DC6}
		{82F2F78F-8DCD-44C1-9404-D229EE350190} = {E8E59DCA-59A0-4AD0-9474-40565904F01F}
		{5556FB94-2A8B-44F4-A6E0-3521A6A9AF61} = {82F2F78F-8DCD-44C1-9404-D229EE350190}
		{094AAF9E-3B89-43F6-ABD5-056A1808F532} = {B5E00040-EAA6-4C65-A736-7C010B542DC6}
		{DDDD2995-7D1C-4885-A2B0-7A732E8E287F} = {094AAF9E-3B89-43F6-ABD5-056A1808F532}
		{0995E5FE-36D2-4550-8449-6B574FA9B318} = {DDDD2995-7D1C-4885-A2B0-7A732E8E287F}
		{706B4019-D57B-4F82-AC14-06CDD24A4625} = {B5E00040-EAA6-4C65-A736-7C010B542DC6}
		{00DEA71A-4305-4025-81A7-61DE7C9661BF} = {706B4019-D57B-4F82-AC14-06CDD24A4625}
		{AE05C539-E74C-4CCE-BE3E-823988DFF6DA} = {00DEA71A-4305-4025-81A7-61DE7C9661BF}
		{8FB5871B-6690-47A9-98B5-15EA52FD687A} = {B5E00040-EAA6-4C65-A736-7C010B542DC6}
		{DF979A80-6716-494D-9074-C62E4AF19E30} = {8FB5871B-6690-47A9-98B5-15EA52FD687A}
		{F3644C0D-D8A2-4788-8F2D-E30891C1E842} = {DF979A80-6716-494D-9074-C62E4AF19E30}
		{1C8D85A3-D582-4C14-9B78-0BEA74CA4BED} = {B5E00040-EAA6-4C65-A736-7C010B542DC6}
		{6A092933-8464-4FDD-9C42-BA4937AD95A3} = {1C8D85A3-D582-4C14-9B78-0BEA74CA4BED}
		{BA497CC5-C9CB-4498-BFE4-3CD2CE67AB79} = {6A092933-8464-4FDD-9C42-BA4937AD95A3}
		{FD6F1DC7-4B7C-4879-B82A-4A588A7B040B} = {B5E00040-EAA6-4C65-A736-7C010B542DC6}
		{DC91AE0A-DE27-42EF-B1AF-C1E720B51CEF} = {FD6F1DC7-4B7C-4879-B82A-4A588A7B040B}
		{6D140A9E-FE31-4230-B415-8AB2EF7DDC54} = {DC91AE0A-DE27-42EF-B1AF-C1E720B51CEF}
		{9AD00D97-FA8E-4455-9185-A533052A3AAF} = {B5E00040-EAA6-4C65-A736-7C010B542DC6}
		{68172282-43EF-499E-8563-762A26022288} = {9AD00D97-FA8E-4455-9185-A533052A3AAF}
		{1EC2C563-F79E-4CF3-A6EF-13867A82D1A5} = {68172282-43EF-499E-8563-762A26022288}
		{F6C0B79C-6316-4FA4-98CB-C5F96E1D46EC} = {B5E00040-EAA6-4C65-A736-7C010B542DC6}
		{84B58BB1-6D54-4B42-9103-6270ADE3B033} = {F6C0B79C-6316-4FA4-98CB-C5F96E1D46EC}
		{BC48E0E6-A2C9-4CB5-9615-621FA7D951DC} = {84B58BB1-6D54-4B42-9103-6270ADE3B033}
		{70D9C037-93AE-484A-A52D-56ABA84A26D1} = {B5E00040-EAA6-4C65-A736-7C010B542DC6}
		{96F20C6C-8093-41D3-9C7F-480F54F186C8} = {70D9C037-93AE-484A-A52D-56ABA84A26D1}
		{0F99C821-10A6-4BC9-A5DB-5E8F0FB955B5} = {96F20C6C-8093-41D3-9C7F-480F54F186C8}
		{6FACB80B-95E9-40CA-938D-AE64C3FEFFE9} = {B5E00040-EAA6-4C65-A736-7C010B542DC6}
		{0ADFC393-1FF1-4E99-8A56-A4865C005021} = {6FACB80B-95E9-40CA-938D-AE64C3FEFFE9}
		{B6BDEEF2-AE2F-46D7-AB01-27BEEF1A6D72} = {0ADFC393-1FF1-4E99-8A56-A4865C005021}
		{6F5B6678-0D1B-438F-9EDF-F2ED8602E3C7} = {B5E00040-EAA6-4C65-A736-7C010B542DC6}
		{BD3D8636-C24D-4F8A-9243-66327C8FE82B} = {6F5B6678-0D1B-438F-9EDF-F2ED8602E3C7}
		{BBED0826-BD4A-4289-925B-8FDB436BF455} = {BD3D8636-C24D-4F8A-9243-66327C8FE82B}
		{E2457DA7-53FC-4044-BBB2-62C2ACF9A0DA} = {B5E00040-EAA6-4C65-A736-7C010B542DC6}
		{87CF0914-9930-4020-85B3-C4D7A29450F6} = {E2457DA7-53FC-4044-BBB2-62C2ACF9A0DA}
		{D1A5CAEB-5BF1-4A86-B24A-AD92ADEC9766} = {87CF0914-9930-4020-85B3-C4D7A29450F6}
		{83E68F90-BF12-42B4-8D64-66A03DE9C8CC} = {B5E00040-EAA6-4C65-A736-7C010B542DC6}
		{B9671679-FF5A-487A-B30D-3BF5A3988844} = {83E68F90-BF12-42B4-8D64-66A03DE9C8CC}
		{87702B6B-AB2F-4804-B1CD-5B629FD5CAA3} = {B9671679-FF5A-487A-B30D-3BF5A3988844}
		{38F9F449-29EE-45C7-9590-D275462C9D68} = {398AB9CD-C7BD-4E7F-A02C-31089BDDD3F7}
		{B37FBBC7-8DE6-4AC4-9725-B8A7FA944A91} = {38F9F449-29EE-45C7-9590-D275462C9D68}
		{C1F4DE58-3F01-4A6A-8303-BDCE6AE9CB17} = {B37FBBC7-8DE6-4AC4-9725-B8A7FA944A91}
		{2AC474C2-4694-449C-949B-474E759F8845} = {398AB9CD-C7BD-4E7F-A02C-31089BDDD3F7}
		{AF8192DE-44C0-40AB-8AC4-D5CD22FDD3D1} = {2AC474C2-4694-449C-949B-474E759F8845}
		{BAB985C4-434C-417D-82CC-CB0E8262E132} = {AF8192DE-44C0-40AB-8AC4-D5CD22FDD3D1}
	EndGlobalSection
	GlobalSection(ProjectConfigurationPlatforms) = postSolution
		{C0A1CF7E-2F67-45EE-B538-38A3054F685E}.Debug|Any CPU.ActiveCfg = Debug|Any CPU
		{C0A1CF7E-2F67-45EE-B538-38A3054F685E}.Debug|Any CPU.Build.0 = Debug|Any CPU
		{C0A1CF7E-2F67-45EE-B538-38A3054F685E}.Release|Any CPU.ActiveCfg = Release|Any CPU
		{C0A1CF7E-2F67-45EE-B538-38A3054F685E}.Release|Any CPU.Build.0 = Release|Any CPU
		{5556FB94-2A8B-44F4-A6E0-3521A6A9AF61}.Debug|Any CPU.ActiveCfg = Debug|Any CPU
		{5556FB94-2A8B-44F4-A6E0-3521A6A9AF61}.Debug|Any CPU.Build.0 = Debug|Any CPU
		{5556FB94-2A8B-44F4-A6E0-3521A6A9AF61}.Release|Any CPU.ActiveCfg = Release|Any CPU
		{5556FB94-2A8B-44F4-A6E0-3521A6A9AF61}.Release|Any CPU.Build.0 = Release|Any CPU
		{0995E5FE-36D2-4550-8449-6B574FA9B318}.Debug|Any CPU.ActiveCfg = Debug|Any CPU
		{0995E5FE-36D2-4550-8449-6B574FA9B318}.Debug|Any CPU.Build.0 = Debug|Any CPU
		{0995E5FE-36D2-4550-8449-6B574FA9B318}.Release|Any CPU.ActiveCfg = Release|Any CPU
		{0995E5FE-36D2-4550-8449-6B574FA9B318}.Release|Any CPU.Build.0 = Release|Any CPU
		{AE05C539-E74C-4CCE-BE3E-823988DFF6DA}.Debug|Any CPU.ActiveCfg = Debug|Any CPU
		{AE05C539-E74C-4CCE-BE3E-823988DFF6DA}.Debug|Any CPU.Build.0 = Debug|Any CPU
		{AE05C539-E74C-4CCE-BE3E-823988DFF6DA}.Release|Any CPU.ActiveCfg = Release|Any CPU
		{AE05C539-E74C-4CCE-BE3E-823988DFF6DA}.Release|Any CPU.Build.0 = Release|Any CPU
		{F3644C0D-D8A2-4788-8F2D-E30891C1E842}.Debug|Any CPU.ActiveCfg = Debug|Any CPU
		{F3644C0D-D8A2-4788-8F2D-E30891C1E842}.Debug|Any CPU.Build.0 = Debug|Any CPU
		{F3644C0D-D8A2-4788-8F2D-E30891C1E842}.Release|Any CPU.ActiveCfg = Release|Any CPU
		{F3644C0D-D8A2-4788-8F2D-E30891C1E842}.Release|Any CPU.Build.0 = Release|Any CPU
		{BA497CC5-C9CB-4498-BFE4-3CD2CE67AB79}.Debug|Any CPU.ActiveCfg = Debug|Any CPU
		{BA497CC5-C9CB-4498-BFE4-3CD2CE67AB79}.Debug|Any CPU.Build.0 = Debug|Any CPU
		{BA497CC5-C9CB-4498-BFE4-3CD2CE67AB79}.Release|Any CPU.ActiveCfg = Release|Any CPU
		{BA497CC5-C9CB-4498-BFE4-3CD2CE67AB79}.Release|Any CPU.Build.0 = Release|Any CPU
		{6D140A9E-FE31-4230-B415-8AB2EF7DDC54}.Debug|Any CPU.ActiveCfg = Debug|Any CPU
		{6D140A9E-FE31-4230-B415-8AB2EF7DDC54}.Debug|Any CPU.Build.0 = Debug|Any CPU
		{6D140A9E-FE31-4230-B415-8AB2EF7DDC54}.Release|Any CPU.ActiveCfg = Release|Any CPU
		{6D140A9E-FE31-4230-B415-8AB2EF7DDC54}.Release|Any CPU.Build.0 = Release|Any CPU
		{1EC2C563-F79E-4CF3-A6EF-13867A82D1A5}.Debug|Any CPU.ActiveCfg = Debug|Any CPU
		{1EC2C563-F79E-4CF3-A6EF-13867A82D1A5}.Debug|Any CPU.Build.0 = Debug|Any CPU
		{1EC2C563-F79E-4CF3-A6EF-13867A82D1A5}.Release|Any CPU.ActiveCfg = Release|Any CPU
		{1EC2C563-F79E-4CF3-A6EF-13867A82D1A5}.Release|Any CPU.Build.0 = Release|Any CPU
		{BC48E0E6-A2C9-4CB5-9615-621FA7D951DC}.Debug|Any CPU.ActiveCfg = Debug|Any CPU
		{BC48E0E6-A2C9-4CB5-9615-621FA7D951DC}.Debug|Any CPU.Build.0 = Debug|Any CPU
		{BC48E0E6-A2C9-4CB5-9615-621FA7D951DC}.Release|Any CPU.ActiveCfg = Release|Any CPU
		{BC48E0E6-A2C9-4CB5-9615-621FA7D951DC}.Release|Any CPU.Build.0 = Release|Any CPU
		{0F99C821-10A6-4BC9-A5DB-5E8F0FB955B5}.Debug|Any CPU.ActiveCfg = Debug|Any CPU
		{0F99C821-10A6-4BC9-A5DB-5E8F0FB955B5}.Debug|Any CPU.Build.0 = Debug|Any CPU
		{0F99C821-10A6-4BC9-A5DB-5E8F0FB955B5}.Release|Any CPU.ActiveCfg = Release|Any CPU
		{0F99C821-10A6-4BC9-A5DB-5E8F0FB955B5}.Release|Any CPU.Build.0 = Release|Any CPU
		{B6BDEEF2-AE2F-46D7-AB01-27BEEF1A6D72}.Debug|Any CPU.ActiveCfg = Debug|Any CPU
		{B6BDEEF2-AE2F-46D7-AB01-27BEEF1A6D72}.Debug|Any CPU.Build.0 = Debug|Any CPU
		{B6BDEEF2-AE2F-46D7-AB01-27BEEF1A6D72}.Release|Any CPU.ActiveCfg = Release|Any CPU
		{B6BDEEF2-AE2F-46D7-AB01-27BEEF1A6D72}.Release|Any CPU.Build.0 = Release|Any CPU
		{BBED0826-BD4A-4289-925B-8FDB436BF455}.Debug|Any CPU.ActiveCfg = Debug|Any CPU
		{BBED0826-BD4A-4289-925B-8FDB436BF455}.Debug|Any CPU.Build.0 = Debug|Any CPU
		{BBED0826-BD4A-4289-925B-8FDB436BF455}.Release|Any CPU.ActiveCfg = Release|Any CPU
		{BBED0826-BD4A-4289-925B-8FDB436BF455}.Release|Any CPU.Build.0 = Release|Any CPU
		{D1A5CAEB-5BF1-4A86-B24A-AD92ADEC9766}.Debug|Any CPU.ActiveCfg = Debug|Any CPU
		{D1A5CAEB-5BF1-4A86-B24A-AD92ADEC9766}.Debug|Any CPU.Build.0 = Debug|Any CPU
		{D1A5CAEB-5BF1-4A86-B24A-AD92ADEC9766}.Release|Any CPU.ActiveCfg = Release|Any CPU
		{D1A5CAEB-5BF1-4A86-B24A-AD92ADEC9766}.Release|Any CPU.Build.0 = Release|Any CPU
		{87702B6B-AB2F-4804-B1CD-5B629FD5CAA3}.Debug|Any CPU.ActiveCfg = Debug|Any CPU
		{87702B6B-AB2F-4804-B1CD-5B629FD5CAA3}.Debug|Any CPU.Build.0 = Debug|Any CPU
		{87702B6B-AB2F-4804-B1CD-5B629FD5CAA3}.Release|Any CPU.ActiveCfg = Release|Any CPU
		{87702B6B-AB2F-4804-B1CD-5B629FD5CAA3}.Release|Any CPU.Build.0 = Release|Any CPU
		{C1F4DE58-3F01-4A6A-8303-BDCE6AE9CB17}.Debug|Any CPU.ActiveCfg = Debug|Any CPU
		{C1F4DE58-3F01-4A6A-8303-BDCE6AE9CB17}.Debug|Any CPU.Build.0 = Debug|Any CPU
		{C1F4DE58-3F01-4A6A-8303-BDCE6AE9CB17}.Release|Any CPU.ActiveCfg = Release|Any CPU
		{C1F4DE58-3F01-4A6A-8303-BDCE6AE9CB17}.Release|Any CPU.Build.0 = Release|Any CPU
		{BAB985C4-434C-417D-82CC-CB0E8262E132}.Debug|Any CPU.ActiveCfg = Debug|Any CPU
		{BAB985C4-434C-417D-82CC-CB0E8262E132}.Debug|Any CPU.Build.0 = Debug|Any CPU
		{BAB985C4-434C-417D-82CC-CB0E8262E132}.Release|Any CPU.ActiveCfg = Release|Any CPU
		{BAB985C4-434C-417D-82CC-CB0E8262E132}.Release|Any CPU.Build.0 = Release|Any CPU
	EndGlobalSection
EndGlobal
